
Microsoft Visual Studio Solution File, Format Version 12.00
# Visual Studio Version 17
VisualStudioVersion = 17.0.32014.148
MinimumVisualStudioVersion = 10.0.40219.1
Project("{FAE04EC0-301F-11D3-BF4B-00C04F79EFBC}") = "BookingAppITDiv", "BookingAppITDiv\BookingAppITDiv.csproj", "{C08F4CC4-1C75-4A8C-9B50-384D03736E9B}"
EndProject
Global
	GlobalSection(SolutionConfigurationPlatforms) = preSolution
		Debug|Any CPU = Debug|Any CPU
		Release|Any CPU = Release|Any CPU
	EndGlobalSection
	GlobalSection(ProjectConfigurationPlatforms) = postSolution
		{C08F4CC4-1C75-4A8C-9B50-384D03736E9B}.Debug|Any CPU.ActiveCfg = Debug|Any CPU
		{C08F4CC4-1C75-4A8C-9B50-384D03736E9B}.Debug|Any CPU.Build.0 = Debug|Any CPU
		{C08F4CC4-1C75-4A8C-9B50-384D03736E9B}.Release|Any CPU.ActiveCfg = Release|Any CPU
		{C08F4CC4-1C75-4A8C-9B50-384D03736E9B}.Release|Any CPU.Build.0 = Release|Any CPU
	EndGlobalSection
	GlobalSection(SolutionProperties) = preSolution
		HideSolutionNode = FALSE
	EndGlobalSection
	GlobalSection(ExtensibilityGlobals) = postSolution
		SolutionGuid = {E4DEEAE4-9984-4F6C-A1B7-AE2B7E227EE3}
	EndGlobalSection
EndGlobal
